// !$*UTF8*$!
{
	archiveVersion = 1;
	classes = {
	};
	objectVersion = 46;
	objects = {

/* Begin PBXBuildFile section */
		4A302F131A6ECED600CD700B /* MenuViewController.swift in Sources */ = {isa = PBXBuildFile; fileRef = 4A302F121A6ECED600CD700B /* MenuViewController.swift */; };
		4A302F161A6ECFA900CD700B /* MenuRow.swift in Sources */ = {isa = PBXBuildFile; fileRef = 4A302F151A6ECFA900CD700B /* MenuRow.swift */; };
		4A302F191A70057500CD700B /* TimelineViewController.swift in Sources */ = {isa = PBXBuildFile; fileRef = 4A302F181A70057500CD700B /* TimelineViewController.swift */; };
		4A302F1B1A70064100CD700B /* TimelineRow.swift in Sources */ = {isa = PBXBuildFile; fileRef = 4A302F1A1A70064100CD700B /* TimelineRow.swift */; };
		4A302F1D1A700D1400CD700B /* TimelineSentinelRow.swift in Sources */ = {isa = PBXBuildFile; fileRef = 4A302F1C1A700D1400CD700B /* TimelineSentinelRow.swift */; };
		4A4421411A627EF400A8A41F /* LayoutKit.h in Headers */ = {isa = PBXBuildFile; fileRef = 4A4421401A627EF400A8A41F /* LayoutKit.h */; settings = {ATTRIBUTES = (Public, ); }; };
		4A4421471A627EF400A8A41F /* LayoutKit.framework in Frameworks */ = {isa = PBXBuildFile; fileRef = 4A44213B1A627EF400A8A41F /* LayoutKit.framework */; };
		4A44214E1A627EF400A8A41F /* LayoutKitTests.swift in Sources */ = {isa = PBXBuildFile; fileRef = 4A44214D1A627EF400A8A41F /* LayoutKitTests.swift */; };
		4A4421601A627F5700A8A41F /* AppDelegate.swift in Sources */ = {isa = PBXBuildFile; fileRef = 4A44215F1A627F5700A8A41F /* AppDelegate.swift */; };
		4A4421621A627F5700A8A41F /* ViewController.swift in Sources */ = {isa = PBXBuildFile; fileRef = 4A4421611A627F5700A8A41F /* ViewController.swift */; };
		4A4421651A627F5700A8A41F /* Main.storyboard in Resources */ = {isa = PBXBuildFile; fileRef = 4A4421631A627F5700A8A41F /* Main.storyboard */; };
		4A4421671A627F5700A8A41F /* Images.xcassets in Resources */ = {isa = PBXBuildFile; fileRef = 4A4421661A627F5700A8A41F /* Images.xcassets */; };
		4A44216A1A627F5700A8A41F /* LaunchScreen.xib in Resources */ = {isa = PBXBuildFile; fileRef = 4A4421681A627F5700A8A41F /* LaunchScreen.xib */; };
		4A44217F1A627F9600A8A41F /* TableRow.swift in Sources */ = {isa = PBXBuildFile; fileRef = 4A44217E1A627F9600A8A41F /* TableRow.swift */; };
		4A4421801A627F9600A8A41F /* TableRow.swift in Sources */ = {isa = PBXBuildFile; fileRef = 4A44217E1A627F9600A8A41F /* TableRow.swift */; };
		4A6902851A66D0B200046F67 /* NormalSection.swift in Sources */ = {isa = PBXBuildFile; fileRef = 4A6902841A66D0B200046F67 /* NormalSection.swift */; };
		4A6902891A66D39600046F67 /* SimpleTextTableViewCell.swift in Sources */ = {isa = PBXBuildFile; fileRef = 4A6902871A66D39600046F67 /* SimpleTextTableViewCell.swift */; };
		4A69028A1A66D39600046F67 /* SimpleTextTableViewCell.xib in Resources */ = {isa = PBXBuildFile; fileRef = 4A6902881A66D39600046F67 /* SimpleTextTableViewCell.xib */; };
		4A69028D1A66D42900046F67 /* ColoredTextTableViewCell.swift in Sources */ = {isa = PBXBuildFile; fileRef = 4A69028B1A66D42900046F67 /* ColoredTextTableViewCell.swift */; };
		4A69028E1A66D42900046F67 /* ColoredTextTableViewCell.xib in Resources */ = {isa = PBXBuildFile; fileRef = 4A69028C1A66D42900046F67 /* ColoredTextTableViewCell.xib */; };
		4AB6DD081A7E7C880031B865 /* CollectionItem.swift in Sources */ = {isa = PBXBuildFile; fileRef = 4AB6DD071A7E7C880031B865 /* CollectionItem.swift */; };
		4AB6DD091A7E7C880031B865 /* CollectionItem.swift in Sources */ = {isa = PBXBuildFile; fileRef = 4AB6DD071A7E7C880031B865 /* CollectionItem.swift */; };
		4AB6DD0B1A7E7D410031B865 /* CollectionController.swift in Sources */ = {isa = PBXBuildFile; fileRef = 4AB6DD0A1A7E7D410031B865 /* CollectionController.swift */; };
		4AB6DD0C1A7E7D410031B865 /* CollectionController.swift in Sources */ = {isa = PBXBuildFile; fileRef = 4AB6DD0A1A7E7D410031B865 /* CollectionController.swift */; };
		4ADAAE6F1A62B59A00C1DD39 /* TableSection.swift in Sources */ = {isa = PBXBuildFile; fileRef = 4ADAAE6E1A62B59A00C1DD39 /* TableSection.swift */; };
		4ADAAE701A62B59A00C1DD39 /* TableSection.swift in Sources */ = {isa = PBXBuildFile; fileRef = 4ADAAE6E1A62B59A00C1DD39 /* TableSection.swift */; };
		4ADAAE721A62B60F00C1DD39 /* TableController.swift in Sources */ = {isa = PBXBuildFile; fileRef = 4ADAAE711A62B60F00C1DD39 /* TableController.swift */; };
		4ADAAE731A62B60F00C1DD39 /* TableController.swift in Sources */ = {isa = PBXBuildFile; fileRef = 4ADAAE711A62B60F00C1DD39 /* TableController.swift */; };
		4ADAAE751A62B63A00C1DD39 /* LayoutKit.swift in Sources */ = {isa = PBXBuildFile; fileRef = 4ADAAE741A62B63A00C1DD39 /* LayoutKit.swift */; };
		4ADAAE761A62B63A00C1DD39 /* LayoutKit.swift in Sources */ = {isa = PBXBuildFile; fileRef = 4ADAAE741A62B63A00C1DD39 /* LayoutKit.swift */; };
		4ADAAE771A62C73600C1DD39 /* LayoutKit.framework in Frameworks */ = {isa = PBXBuildFile; fileRef = 4A44213B1A627EF400A8A41F /* LayoutKit.framework */; };
		4ADAAE781A62C73600C1DD39 /* LayoutKit.framework in Embed Frameworks */ = {isa = PBXBuildFile; fileRef = 4A44213B1A627EF400A8A41F /* LayoutKit.framework */; settings = {ATTRIBUTES = (CodeSignOnCopy, RemoveHeadersOnCopy, ); }; };
		4ADAAE7D1A62D09000C1DD39 /* TextRow.swift in Sources */ = {isa = PBXBuildFile; fileRef = 4ADAAE7C1A62D08F00C1DD39 /* TextRow.swift */; };
/* End PBXBuildFile section */

/* Begin PBXContainerItemProxy section */
		4A4421481A627EF400A8A41F /* PBXContainerItemProxy */ = {
			isa = PBXContainerItemProxy;
			containerPortal = 4A4421321A627EF400A8A41F /* Project object */;
			proxyType = 1;
			remoteGlobalIDString = 4A44213A1A627EF400A8A41F;
			remoteInfo = LayoutKit;
		};
		4ADAAE791A62C73600C1DD39 /* PBXContainerItemProxy */ = {
			isa = PBXContainerItemProxy;
			containerPortal = 4A4421321A627EF400A8A41F /* Project object */;
			proxyType = 1;
			remoteGlobalIDString = 4A44213A1A627EF400A8A41F;
			remoteInfo = LayoutKit;
		};
/* End PBXContainerItemProxy section */

/* Begin PBXCopyFilesBuildPhase section */
		4ADAAE7B1A62C73600C1DD39 /* Embed Frameworks */ = {
			isa = PBXCopyFilesBuildPhase;
			buildActionMask = 2147483647;
			dstPath = "";
			dstSubfolderSpec = 10;
			files = (
				4ADAAE781A62C73600C1DD39 /* LayoutKit.framework in Embed Frameworks */,
			);
			name = "Embed Frameworks";
			runOnlyForDeploymentPostprocessing = 0;
		};
/* End PBXCopyFilesBuildPhase section */

/* Begin PBXFileReference section */
		4A302F121A6ECED600CD700B /* MenuViewController.swift */ = {isa = PBXFileReference; fileEncoding = 4; lastKnownFileType = sourcecode.swift; path = MenuViewController.swift; sourceTree = "<group>"; };
		4A302F151A6ECFA900CD700B /* MenuRow.swift */ = {isa = PBXFileReference; fileEncoding = 4; lastKnownFileType = sourcecode.swift; path = MenuRow.swift; sourceTree = "<group>"; };
		4A302F181A70057500CD700B /* TimelineViewController.swift */ = {isa = PBXFileReference; fileEncoding = 4; lastKnownFileType = sourcecode.swift; path = TimelineViewController.swift; sourceTree = "<group>"; };
		4A302F1A1A70064100CD700B /* TimelineRow.swift */ = {isa = PBXFileReference; fileEncoding = 4; lastKnownFileType = sourcecode.swift; path = TimelineRow.swift; sourceTree = "<group>"; };
		4A302F1C1A700D1400CD700B /* TimelineSentinelRow.swift */ = {isa = PBXFileReference; fileEncoding = 4; lastKnownFileType = sourcecode.swift; path = TimelineSentinelRow.swift; sourceTree = "<group>"; };
		4A44213B1A627EF400A8A41F /* LayoutKit.framework */ = {isa = PBXFileReference; explicitFileType = wrapper.framework; includeInIndex = 0; path = LayoutKit.framework; sourceTree = BUILT_PRODUCTS_DIR; };
		4A44213F1A627EF400A8A41F /* Info.plist */ = {isa = PBXFileReference; lastKnownFileType = text.plist.xml; path = Info.plist; sourceTree = "<group>"; };
		4A4421401A627EF400A8A41F /* LayoutKit.h */ = {isa = PBXFileReference; lastKnownFileType = sourcecode.c.h; path = LayoutKit.h; sourceTree = "<group>"; };
		4A4421461A627EF400A8A41F /* LayoutKitTests.xctest */ = {isa = PBXFileReference; explicitFileType = wrapper.cfbundle; includeInIndex = 0; path = LayoutKitTests.xctest; sourceTree = BUILT_PRODUCTS_DIR; };
		4A44214C1A627EF400A8A41F /* Info.plist */ = {isa = PBXFileReference; lastKnownFileType = text.plist.xml; path = Info.plist; sourceTree = "<group>"; };
		4A44214D1A627EF400A8A41F /* LayoutKitTests.swift */ = {isa = PBXFileReference; lastKnownFileType = sourcecode.swift; path = LayoutKitTests.swift; sourceTree = "<group>"; };
		4A44215B1A627F5700A8A41F /* LayoutKitDemo.app */ = {isa = PBXFileReference; explicitFileType = wrapper.application; includeInIndex = 0; path = LayoutKitDemo.app; sourceTree = BUILT_PRODUCTS_DIR; };
		4A44215E1A627F5700A8A41F /* Info.plist */ = {isa = PBXFileReference; lastKnownFileType = text.plist.xml; path = Info.plist; sourceTree = "<group>"; };
		4A44215F1A627F5700A8A41F /* AppDelegate.swift */ = {isa = PBXFileReference; lastKnownFileType = sourcecode.swift; path = AppDelegate.swift; sourceTree = "<group>"; };
		4A4421611A627F5700A8A41F /* ViewController.swift */ = {isa = PBXFileReference; lastKnownFileType = sourcecode.swift; path = ViewController.swift; sourceTree = "<group>"; };
		4A4421641A627F5700A8A41F /* Base */ = {isa = PBXFileReference; lastKnownFileType = file.storyboard; name = Base; path = Base.lproj/Main.storyboard; sourceTree = "<group>"; };
		4A4421661A627F5700A8A41F /* Images.xcassets */ = {isa = PBXFileReference; lastKnownFileType = folder.assetcatalog; path = Images.xcassets; sourceTree = "<group>"; };
		4A4421691A627F5700A8A41F /* Base */ = {isa = PBXFileReference; lastKnownFileType = file.xib; name = Base; path = Base.lproj/LaunchScreen.xib; sourceTree = "<group>"; };
		4A44217E1A627F9600A8A41F /* TableRow.swift */ = {isa = PBXFileReference; fileEncoding = 4; lastKnownFileType = sourcecode.swift; path = TableRow.swift; sourceTree = "<group>"; };
		4A6902841A66D0B200046F67 /* NormalSection.swift */ = {isa = PBXFileReference; fileEncoding = 4; lastKnownFileType = sourcecode.swift; path = NormalSection.swift; sourceTree = "<group>"; };
		4A6902871A66D39600046F67 /* SimpleTextTableViewCell.swift */ = {isa = PBXFileReference; fileEncoding = 4; lastKnownFileType = sourcecode.swift; path = SimpleTextTableViewCell.swift; sourceTree = "<group>"; };
		4A6902881A66D39600046F67 /* SimpleTextTableViewCell.xib */ = {isa = PBXFileReference; fileEncoding = 4; lastKnownFileType = file.xib; path = SimpleTextTableViewCell.xib; sourceTree = "<group>"; };
		4A69028B1A66D42900046F67 /* ColoredTextTableViewCell.swift */ = {isa = PBXFileReference; fileEncoding = 4; lastKnownFileType = sourcecode.swift; path = ColoredTextTableViewCell.swift; sourceTree = "<group>"; };
		4A69028C1A66D42900046F67 /* ColoredTextTableViewCell.xib */ = {isa = PBXFileReference; fileEncoding = 4; lastKnownFileType = file.xib; path = ColoredTextTableViewCell.xib; sourceTree = "<group>"; };
		4AB6DD071A7E7C880031B865 /* CollectionItem.swift */ = {isa = PBXFileReference; fileEncoding = 4; lastKnownFileType = sourcecode.swift; path = CollectionItem.swift; sourceTree = "<group>"; };
		4AB6DD0A1A7E7D410031B865 /* CollectionController.swift */ = {isa = PBXFileReference; fileEncoding = 4; lastKnownFileType = sourcecode.swift; path = CollectionController.swift; sourceTree = "<group>"; };
		4ADAAE6E1A62B59A00C1DD39 /* TableSection.swift */ = {isa = PBXFileReference; fileEncoding = 4; lastKnownFileType = sourcecode.swift; path = TableSection.swift; sourceTree = "<group>"; };
		4ADAAE711A62B60F00C1DD39 /* TableController.swift */ = {isa = PBXFileReference; fileEncoding = 4; lastKnownFileType = sourcecode.swift; path = TableController.swift; sourceTree = "<group>"; };
		4ADAAE741A62B63A00C1DD39 /* LayoutKit.swift */ = {isa = PBXFileReference; fileEncoding = 4; lastKnownFileType = sourcecode.swift; path = LayoutKit.swift; sourceTree = "<group>"; };
		4ADAAE7C1A62D08F00C1DD39 /* TextRow.swift */ = {isa = PBXFileReference; fileEncoding = 4; lastKnownFileType = sourcecode.swift; path = TextRow.swift; sourceTree = "<group>"; };
/* End PBXFileReference section */

/* Begin PBXFrameworksBuildPhase section */
		4A4421371A627EF400A8A41F /* Frameworks */ = {
			isa = PBXFrameworksBuildPhase;
			buildActionMask = 2147483647;
			files = (
			);
			runOnlyForDeploymentPostprocessing = 0;
		};
		4A4421431A627EF400A8A41F /* Frameworks */ = {
			isa = PBXFrameworksBuildPhase;
			buildActionMask = 2147483647;
			files = (
				4A4421471A627EF400A8A41F /* LayoutKit.framework in Frameworks */,
			);
			runOnlyForDeploymentPostprocessing = 0;
		};
		4A4421581A627F5700A8A41F /* Frameworks */ = {
			isa = PBXFrameworksBuildPhase;
			buildActionMask = 2147483647;
			files = (
				4ADAAE771A62C73600C1DD39 /* LayoutKit.framework in Frameworks */,
			);
			runOnlyForDeploymentPostprocessing = 0;
		};
/* End PBXFrameworksBuildPhase section */

/* Begin PBXGroup section */
		4A302F141A6ECF7D00CD700B /* MenuView */ = {
			isa = PBXGroup;
			children = (
				4A302F151A6ECFA900CD700B /* MenuRow.swift */,
				4A302F121A6ECED600CD700B /* MenuViewController.swift */,
			);
			name = MenuView;
			sourceTree = "<group>";
		};
		4A302F171A7004C700CD700B /* TimelineView */ = {
			isa = PBXGroup;
			children = (
				4A302F181A70057500CD700B /* TimelineViewController.swift */,
				4A302F1A1A70064100CD700B /* TimelineRow.swift */,
				4A302F1C1A700D1400CD700B /* TimelineSentinelRow.swift */,
			);
			name = TimelineView;
			sourceTree = "<group>";
		};
		4A4421311A627EF400A8A41F = {
			isa = PBXGroup;
			children = (
				4A44213D1A627EF400A8A41F /* LayoutKit */,
				4A44214A1A627EF400A8A41F /* LayoutKitTests */,
				4A44215C1A627F5700A8A41F /* LayoutKitDemo */,
				4A44213C1A627EF400A8A41F /* Products */,
			);
			sourceTree = "<group>";
		};
		4A44213C1A627EF400A8A41F /* Products */ = {
			isa = PBXGroup;
			children = (
				4A44213B1A627EF400A8A41F /* LayoutKit.framework */,
				4A4421461A627EF400A8A41F /* LayoutKitTests.xctest */,
				4A44215B1A627F5700A8A41F /* LayoutKitDemo.app */,
			);
			name = Products;
			sourceTree = "<group>";
		};
		4A44213D1A627EF400A8A41F /* LayoutKit */ = {
			isa = PBXGroup;
			children = (
				4AB6DD061A7E7BE60031B865 /* CollectionLayout */,
				4A44217D1A627F6B00A8A41F /* TableLayout */,
				4A4421401A627EF400A8A41F /* LayoutKit.h */,
				4ADAAE741A62B63A00C1DD39 /* LayoutKit.swift */,
				4A44213E1A627EF400A8A41F /* Supporting Files */,
			);
			path = LayoutKit;
			sourceTree = "<group>";
		};
		4A44213E1A627EF400A8A41F /* Supporting Files */ = {
			isa = PBXGroup;
			children = (
				4A44213F1A627EF400A8A41F /* Info.plist */,
			);
			name = "Supporting Files";
			sourceTree = "<group>";
		};
		4A44214A1A627EF400A8A41F /* LayoutKitTests */ = {
			isa = PBXGroup;
			children = (
				4A44214D1A627EF400A8A41F /* LayoutKitTests.swift */,
				4A44214B1A627EF400A8A41F /* Supporting Files */,
			);
			path = LayoutKitTests;
			sourceTree = "<group>";
		};
		4A44214B1A627EF400A8A41F /* Supporting Files */ = {
			isa = PBXGroup;
			children = (
				4A44214C1A627EF400A8A41F /* Info.plist */,
			);
			name = "Supporting Files";
			sourceTree = "<group>";
		};
		4A44215C1A627F5700A8A41F /* LayoutKitDemo */ = {
			isa = PBXGroup;
			children = (
				4A302F171A7004C700CD700B /* TimelineView */,
				4A302F141A6ECF7D00CD700B /* MenuView */,
				4A6902861A66D2EE00046F67 /* TableViewCell */,
				4A44215F1A627F5700A8A41F /* AppDelegate.swift */,
				4A4421611A627F5700A8A41F /* ViewController.swift */,
				4A4421631A627F5700A8A41F /* Main.storyboard */,
				4A4421661A627F5700A8A41F /* Images.xcassets */,
				4A4421681A627F5700A8A41F /* LaunchScreen.xib */,
				4A44215D1A627F5700A8A41F /* Supporting Files */,
				4ADAAE7C1A62D08F00C1DD39 /* TextRow.swift */,
				4A6902841A66D0B200046F67 /* NormalSection.swift */,
			);
			path = LayoutKitDemo;
			sourceTree = "<group>";
		};
		4A44215D1A627F5700A8A41F /* Supporting Files */ = {
			isa = PBXGroup;
			children = (
				4A44215E1A627F5700A8A41F /* Info.plist */,
			);
			name = "Supporting Files";
			sourceTree = "<group>";
		};
		4A44217D1A627F6B00A8A41F /* TableLayout */ = {
			isa = PBXGroup;
			children = (
				4ADAAE711A62B60F00C1DD39 /* TableController.swift */,
				4ADAAE6E1A62B59A00C1DD39 /* TableSection.swift */,
				4A44217E1A627F9600A8A41F /* TableRow.swift */,
			);
			path = TableLayout;
			sourceTree = "<group>";
		};
		4A6902861A66D2EE00046F67 /* TableViewCell */ = {
			isa = PBXGroup;
			children = (
				4A6902871A66D39600046F67 /* SimpleTextTableViewCell.swift */,
				4A6902881A66D39600046F67 /* SimpleTextTableViewCell.xib */,
				4A69028B1A66D42900046F67 /* ColoredTextTableViewCell.swift */,
				4A69028C1A66D42900046F67 /* ColoredTextTableViewCell.xib */,
			);
			name = TableViewCell;
			sourceTree = "<group>";
		};
		4AB6DD061A7E7BE60031B865 /* CollectionLayout */ = {
			isa = PBXGroup;
			children = (
				4AB6DD0A1A7E7D410031B865 /* CollectionController.swift */,
				4AB6DD071A7E7C880031B865 /* CollectionItem.swift */,
			);
			path = CollectionLayout;
			sourceTree = "<group>";
		};
/* End PBXGroup section */

/* Begin PBXHeadersBuildPhase section */
		4A4421381A627EF400A8A41F /* Headers */ = {
			isa = PBXHeadersBuildPhase;
			buildActionMask = 2147483647;
			files = (
				4A4421411A627EF400A8A41F /* LayoutKit.h in Headers */,
			);
			runOnlyForDeploymentPostprocessing = 0;
		};
/* End PBXHeadersBuildPhase section */

/* Begin PBXNativeTarget section */
		4A44213A1A627EF400A8A41F /* LayoutKit */ = {
			isa = PBXNativeTarget;
			buildConfigurationList = 4A4421511A627EF500A8A41F /* Build configuration list for PBXNativeTarget "LayoutKit" */;
			buildPhases = (
				4A4421361A627EF400A8A41F /* Sources */,
				4A4421371A627EF400A8A41F /* Frameworks */,
				4A4421381A627EF400A8A41F /* Headers */,
				4A4421391A627EF400A8A41F /* Resources */,
			);
			buildRules = (
			);
			dependencies = (
			);
			name = LayoutKit;
			productName = LayoutKit;
			productReference = 4A44213B1A627EF400A8A41F /* LayoutKit.framework */;
			productType = "com.apple.product-type.framework";
		};
		4A4421451A627EF400A8A41F /* LayoutKitTests */ = {
			isa = PBXNativeTarget;
			buildConfigurationList = 4A4421541A627EF500A8A41F /* Build configuration list for PBXNativeTarget "LayoutKitTests" */;
			buildPhases = (
				4A4421421A627EF400A8A41F /* Sources */,
				4A4421431A627EF400A8A41F /* Frameworks */,
				4A4421441A627EF400A8A41F /* Resources */,
			);
			buildRules = (
			);
			dependencies = (
				4A4421491A627EF400A8A41F /* PBXTargetDependency */,
			);
			name = LayoutKitTests;
			productName = LayoutKitTests;
			productReference = 4A4421461A627EF400A8A41F /* LayoutKitTests.xctest */;
			productType = "com.apple.product-type.bundle.unit-test";
		};
		4A44215A1A627F5700A8A41F /* LayoutKitDemo */ = {
			isa = PBXNativeTarget;
			buildConfigurationList = 4A4421771A627F5700A8A41F /* Build configuration list for PBXNativeTarget "LayoutKitDemo" */;
			buildPhases = (
				4A4421571A627F5700A8A41F /* Sources */,
				4A4421581A627F5700A8A41F /* Frameworks */,
				4A4421591A627F5700A8A41F /* Resources */,
				4ADAAE7B1A62C73600C1DD39 /* Embed Frameworks */,
			);
			buildRules = (
			);
			dependencies = (
				4ADAAE7A1A62C73600C1DD39 /* PBXTargetDependency */,
			);
			name = LayoutKitDemo;
			productName = LayoutKitDemo;
			productReference = 4A44215B1A627F5700A8A41F /* LayoutKitDemo.app */;
			productType = "com.apple.product-type.application";
		};
/* End PBXNativeTarget section */

/* Begin PBXProject section */
		4A4421321A627EF400A8A41F /* Project object */ = {
			isa = PBXProject;
			attributes = {
				LastSwiftMigration = 0700;
				LastSwiftUpdateCheck = 0700;
				LastUpgradeCheck = 0710;
				ORGANIZATIONNAME = "林 達也";
				TargetAttributes = {
					4A44213A1A627EF400A8A41F = {
						CreatedOnToolsVersion = 6.2;
					};
					4A4421451A627EF400A8A41F = {
						CreatedOnToolsVersion = 6.2;
					};
					4A44215A1A627F5700A8A41F = {
						CreatedOnToolsVersion = 6.2;
					};
				};
			};
			buildConfigurationList = 4A4421351A627EF400A8A41F /* Build configuration list for PBXProject "LayoutKit" */;
			compatibilityVersion = "Xcode 3.2";
			developmentRegion = English;
			hasScannedForEncodings = 0;
			knownRegions = (
				en,
				Base,
			);
			mainGroup = 4A4421311A627EF400A8A41F;
			productRefGroup = 4A44213C1A627EF400A8A41F /* Products */;
			projectDirPath = "";
			projectRoot = "";
			targets = (
				4A44213A1A627EF400A8A41F /* LayoutKit */,
				4A4421451A627EF400A8A41F /* LayoutKitTests */,
				4A44215A1A627F5700A8A41F /* LayoutKitDemo */,
			);
		};
/* End PBXProject section */

/* Begin PBXResourcesBuildPhase section */
		4A4421391A627EF400A8A41F /* Resources */ = {
			isa = PBXResourcesBuildPhase;
			buildActionMask = 2147483647;
			files = (
			);
			runOnlyForDeploymentPostprocessing = 0;
		};
		4A4421441A627EF400A8A41F /* Resources */ = {
			isa = PBXResourcesBuildPhase;
			buildActionMask = 2147483647;
			files = (
			);
			runOnlyForDeploymentPostprocessing = 0;
		};
		4A4421591A627F5700A8A41F /* Resources */ = {
			isa = PBXResourcesBuildPhase;
			buildActionMask = 2147483647;
			files = (
				4A4421651A627F5700A8A41F /* Main.storyboard in Resources */,
				4A44216A1A627F5700A8A41F /* LaunchScreen.xib in Resources */,
				4A69028E1A66D42900046F67 /* ColoredTextTableViewCell.xib in Resources */,
				4A69028A1A66D39600046F67 /* SimpleTextTableViewCell.xib in Resources */,
				4A4421671A627F5700A8A41F /* Images.xcassets in Resources */,
			);
			runOnlyForDeploymentPostprocessing = 0;
		};
/* End PBXResourcesBuildPhase section */

/* Begin PBXSourcesBuildPhase section */
		4A4421361A627EF400A8A41F /* Sources */ = {
			isa = PBXSourcesBuildPhase;
			buildActionMask = 2147483647;
			files = (
				4AB6DD081A7E7C880031B865 /* CollectionItem.swift in Sources */,
				4AB6DD0B1A7E7D410031B865 /* CollectionController.swift in Sources */,
				4ADAAE751A62B63A00C1DD39 /* LayoutKit.swift in Sources */,
				4ADAAE721A62B60F00C1DD39 /* TableController.swift in Sources */,
				4A44217F1A627F9600A8A41F /* TableRow.swift in Sources */,
				4ADAAE6F1A62B59A00C1DD39 /* TableSection.swift in Sources */,
			);
			runOnlyForDeploymentPostprocessing = 0;
		};
		4A4421421A627EF400A8A41F /* Sources */ = {
			isa = PBXSourcesBuildPhase;
			buildActionMask = 2147483647;
			files = (
				4ADAAE731A62B60F00C1DD39 /* TableController.swift in Sources */,
				4ADAAE701A62B59A00C1DD39 /* TableSection.swift in Sources */,
				4AB6DD091A7E7C880031B865 /* CollectionItem.swift in Sources */,
				4A4421801A627F9600A8A41F /* TableRow.swift in Sources */,
				4AB6DD0C1A7E7D410031B865 /* CollectionController.swift in Sources */,
				4ADAAE761A62B63A00C1DD39 /* LayoutKit.swift in Sources */,
				4A44214E1A627EF400A8A41F /* LayoutKitTests.swift in Sources */,
			);
			runOnlyForDeploymentPostprocessing = 0;
		};
		4A4421571A627F5700A8A41F /* Sources */ = {
			isa = PBXSourcesBuildPhase;
			buildActionMask = 2147483647;
			files = (
				4A6902891A66D39600046F67 /* SimpleTextTableViewCell.swift in Sources */,
				4A69028D1A66D42900046F67 /* ColoredTextTableViewCell.swift in Sources */,
				4A6902851A66D0B200046F67 /* NormalSection.swift in Sources */,
				4A302F131A6ECED600CD700B /* MenuViewController.swift in Sources */,
				4A4421621A627F5700A8A41F /* ViewController.swift in Sources */,
				4A302F1B1A70064100CD700B /* TimelineRow.swift in Sources */,
				4A302F191A70057500CD700B /* TimelineViewController.swift in Sources */,
				4A302F161A6ECFA900CD700B /* MenuRow.swift in Sources */,
				4A302F1D1A700D1400CD700B /* TimelineSentinelRow.swift in Sources */,
				4A4421601A627F5700A8A41F /* AppDelegate.swift in Sources */,
				4ADAAE7D1A62D09000C1DD39 /* TextRow.swift in Sources */,
			);
			runOnlyForDeploymentPostprocessing = 0;
		};
/* End PBXSourcesBuildPhase section */

/* Begin PBXTargetDependency section */
		4A4421491A627EF400A8A41F /* PBXTargetDependency */ = {
			isa = PBXTargetDependency;
			target = 4A44213A1A627EF400A8A41F /* LayoutKit */;
			targetProxy = 4A4421481A627EF400A8A41F /* PBXContainerItemProxy */;
		};
		4ADAAE7A1A62C73600C1DD39 /* PBXTargetDependency */ = {
			isa = PBXTargetDependency;
			target = 4A44213A1A627EF400A8A41F /* LayoutKit */;
			targetProxy = 4ADAAE791A62C73600C1DD39 /* PBXContainerItemProxy */;
		};
/* End PBXTargetDependency section */

/* Begin PBXVariantGroup section */
		4A4421631A627F5700A8A41F /* Main.storyboard */ = {
			isa = PBXVariantGroup;
			children = (
				4A4421641A627F5700A8A41F /* Base */,
			);
			name = Main.storyboard;
			sourceTree = "<group>";
		};
		4A4421681A627F5700A8A41F /* LaunchScreen.xib */ = {
			isa = PBXVariantGroup;
			children = (
				4A4421691A627F5700A8A41F /* Base */,
			);
			name = LaunchScreen.xib;
			sourceTree = "<group>";
		};
/* End PBXVariantGroup section */

/* Begin XCBuildConfiguration section */
		4A44214F1A627EF500A8A41F /* Debug */ = {
			isa = XCBuildConfiguration;
			buildSettings = {
				ALWAYS_SEARCH_USER_PATHS = NO;
				CLANG_CXX_LANGUAGE_STANDARD = "gnu++0x";
				CLANG_CXX_LIBRARY = "libc++";
				CLANG_ENABLE_MODULES = YES;
				CLANG_ENABLE_OBJC_ARC = YES;
				CLANG_WARN_BOOL_CONVERSION = YES;
				CLANG_WARN_CONSTANT_CONVERSION = YES;
				CLANG_WARN_DIRECT_OBJC_ISA_USAGE = YES_ERROR;
				CLANG_WARN_EMPTY_BODY = YES;
				CLANG_WARN_ENUM_CONVERSION = YES;
				CLANG_WARN_INT_CONVERSION = YES;
				CLANG_WARN_OBJC_ROOT_CLASS = YES_ERROR;
				CLANG_WARN_UNREACHABLE_CODE = YES;
				CLANG_WARN__DUPLICATE_METHOD_MATCH = YES;
				"CODE_SIGN_IDENTITY[sdk=iphoneos*]" = "iPhone Developer";
				COPY_PHASE_STRIP = NO;
				CURRENT_PROJECT_VERSION = 1;
				ENABLE_STRICT_OBJC_MSGSEND = YES;
				ENABLE_TESTABILITY = YES;
				GCC_C_LANGUAGE_STANDARD = gnu99;
				GCC_DYNAMIC_NO_PIC = NO;
				GCC_OPTIMIZATION_LEVEL = 0;
				GCC_PREPROCESSOR_DEFINITIONS = (
					"DEBUG=1",
					"$(inherited)",
				);
				GCC_SYMBOLS_PRIVATE_EXTERN = NO;
				GCC_WARN_64_TO_32_BIT_CONVERSION = YES;
				GCC_WARN_ABOUT_RETURN_TYPE = YES_ERROR;
				GCC_WARN_UNDECLARED_SELECTOR = YES;
				GCC_WARN_UNINITIALIZED_AUTOS = YES_AGGRESSIVE;
				GCC_WARN_UNUSED_FUNCTION = YES;
				GCC_WARN_UNUSED_VARIABLE = YES;
				IPHONEOS_DEPLOYMENT_TARGET = 8.0;
				MTL_ENABLE_DEBUG_INFO = YES;
				ONLY_ACTIVE_ARCH = YES;
				SDKROOT = iphoneos;
				SWIFT_OPTIMIZATION_LEVEL = "-Onone";
				TARGETED_DEVICE_FAMILY = "1,2";
				VERSIONING_SYSTEM = "apple-generic";
				VERSION_INFO_PREFIX = "";
			};
			name = Debug;
		};
		4A4421501A627EF500A8A41F /* Release */ = {
			isa = XCBuildConfiguration;
			buildSettings = {
				ALWAYS_SEARCH_USER_PATHS = NO;
				CLANG_CXX_LANGUAGE_STANDARD = "gnu++0x";
				CLANG_CXX_LIBRARY = "libc++";
				CLANG_ENABLE_MODULES = YES;
				CLANG_ENABLE_OBJC_ARC = YES;
				CLANG_WARN_BOOL_CONVERSION = YES;
				CLANG_WARN_CONSTANT_CONVERSION = YES;
				CLANG_WARN_DIRECT_OBJC_ISA_USAGE = YES_ERROR;
				CLANG_WARN_EMPTY_BODY = YES;
				CLANG_WARN_ENUM_CONVERSION = YES;
				CLANG_WARN_INT_CONVERSION = YES;
				CLANG_WARN_OBJC_ROOT_CLASS = YES_ERROR;
				CLANG_WARN_UNREACHABLE_CODE = YES;
				CLANG_WARN__DUPLICATE_METHOD_MATCH = YES;
				"CODE_SIGN_IDENTITY[sdk=iphoneos*]" = "iPhone Developer";
				COPY_PHASE_STRIP = NO;
				CURRENT_PROJECT_VERSION = 1;
				ENABLE_NS_ASSERTIONS = NO;
				ENABLE_STRICT_OBJC_MSGSEND = YES;
				GCC_C_LANGUAGE_STANDARD = gnu99;
				GCC_WARN_64_TO_32_BIT_CONVERSION = YES;
				GCC_WARN_ABOUT_RETURN_TYPE = YES_ERROR;
				GCC_WARN_UNDECLARED_SELECTOR = YES;
				GCC_WARN_UNINITIALIZED_AUTOS = YES_AGGRESSIVE;
				GCC_WARN_UNUSED_FUNCTION = YES;
				GCC_WARN_UNUSED_VARIABLE = YES;
				IPHONEOS_DEPLOYMENT_TARGET = 8.0;
				MTL_ENABLE_DEBUG_INFO = NO;
				SDKROOT = iphoneos;
				TARGETED_DEVICE_FAMILY = "1,2";
				VALIDATE_PRODUCT = YES;
				VERSIONING_SYSTEM = "apple-generic";
				VERSION_INFO_PREFIX = "";
			};
			name = Release;
		};
		4A4421521A627EF500A8A41F /* Debug */ = {
			isa = XCBuildConfiguration;
			buildSettings = {
				CLANG_ENABLE_MODULES = YES;
				DEFINES_MODULE = YES;
				DYLIB_COMPATIBILITY_VERSION = 1;
				DYLIB_CURRENT_VERSION = 1;
				DYLIB_INSTALL_NAME_BASE = "@rpath";
				INFOPLIST_FILE = LayoutKit/Info.plist;
				INSTALL_PATH = "$(LOCAL_LIBRARY_DIR)/Frameworks";
				LD_RUNPATH_SEARCH_PATHS = "$(inherited) @executable_path/Frameworks @loader_path/Frameworks";
				PRODUCT_BUNDLE_IDENTIFIER = "jp.sora0077.$(PRODUCT_NAME:rfc1034identifier)";
				PRODUCT_NAME = "$(TARGET_NAME)";
				SKIP_INSTALL = YES;
				SWIFT_OPTIMIZATION_LEVEL = "-Onone";
			};
			name = Debug;
		};
		4A4421531A627EF500A8A41F /* Release */ = {
			isa = XCBuildConfiguration;
			buildSettings = {
				CLANG_ENABLE_MODULES = YES;
				DEFINES_MODULE = YES;
				DYLIB_COMPATIBILITY_VERSION = 1;
				DYLIB_CURRENT_VERSION = 1;
				DYLIB_INSTALL_NAME_BASE = "@rpath";
				INFOPLIST_FILE = LayoutKit/Info.plist;
				INSTALL_PATH = "$(LOCAL_LIBRARY_DIR)/Frameworks";
				LD_RUNPATH_SEARCH_PATHS = "$(inherited) @executable_path/Frameworks @loader_path/Frameworks";
				PRODUCT_BUNDLE_IDENTIFIER = "jp.sora0077.$(PRODUCT_NAME:rfc1034identifier)";
				PRODUCT_NAME = "$(TARGET_NAME)";
				SKIP_INSTALL = YES;
			};
			name = Release;
		};
		4A4421551A627EF500A8A41F /* Debug */ = {
			isa = XCBuildConfiguration;
			buildSettings = {
				FRAMEWORK_SEARCH_PATHS = "$(inherited)";
				GCC_PREPROCESSOR_DEFINITIONS = (
					"DEBUG=1",
					"$(inherited)",
				);
				INFOPLIST_FILE = LayoutKitTests/Info.plist;
				LD_RUNPATH_SEARCH_PATHS = "$(inherited) @executable_path/Frameworks @loader_path/Frameworks";
				PRODUCT_BUNDLE_IDENTIFIER = "jp.sora0077.$(PRODUCT_NAME:rfc1034identifier)";
				PRODUCT_NAME = "$(TARGET_NAME)";
			};
			name = Debug;
		};
		4A4421561A627EF500A8A41F /* Release */ = {
			isa = XCBuildConfiguration;
			buildSettings = {
				FRAMEWORK_SEARCH_PATHS = "$(inherited)";
				INFOPLIST_FILE = LayoutKitTests/Info.plist;
				LD_RUNPATH_SEARCH_PATHS = "$(inherited) @executable_path/Frameworks @loader_path/Frameworks";
				PRODUCT_BUNDLE_IDENTIFIER = "jp.sora0077.$(PRODUCT_NAME:rfc1034identifier)";
				PRODUCT_NAME = "$(TARGET_NAME)";
			};
			name = Release;
		};
		4A4421781A627F5700A8A41F /* Debug */ = {
			isa = XCBuildConfiguration;
			buildSettings = {
				ASSETCATALOG_COMPILER_APPICON_NAME = AppIcon;
				EMBEDDED_CONTENT_CONTAINS_SWIFT = YES;
				GCC_PREPROCESSOR_DEFINITIONS = (
					"DEBUG=1",
					"$(inherited)",
				);
				INFOPLIST_FILE = LayoutKitDemo/Info.plist;
				LD_RUNPATH_SEARCH_PATHS = "$(inherited) @executable_path/Frameworks";
				PRODUCT_BUNDLE_IDENTIFIER = "jp.sora0077.$(PRODUCT_NAME:rfc1034identifier)";
				PRODUCT_NAME = "$(TARGET_NAME)";
			};
			name = Debug;
		};
		4A4421791A627F5700A8A41F /* Release */ = {
			isa = XCBuildConfiguration;
			buildSettings = {
				ASSETCATALOG_COMPILER_APPICON_NAME = AppIcon;
				EMBEDDED_CONTENT_CONTAINS_SWIFT = YES;
				INFOPLIST_FILE = LayoutKitDemo/Info.plist;
				LD_RUNPATH_SEARCH_PATHS = "$(inherited) @executable_path/Frameworks";
				PRODUCT_BUNDLE_IDENTIFIER = "jp.sora0077.$(PRODUCT_NAME:rfc1034identifier)";
				PRODUCT_NAME = "$(TARGET_NAME)";
			};
			name = Release;
		};
/* End XCBuildConfiguration section */

/* Begin XCConfigurationList section */
		4A4421351A627EF400A8A41F /* Build configuration list for PBXProject "LayoutKit" */ = {
			isa = XCConfigurationList;
			buildConfigurations = (
				4A44214F1A627EF500A8A41F /* Debug */,
				4A4421501A627EF500A8A41F /* Release */,
			);
			defaultConfigurationIsVisible = 0;
			defaultConfigurationName = Release;
		};
		4A4421511A627EF500A8A41F /* Build configuration list for PBXNativeTarget "LayoutKit" */ = {
			isa = XCConfigurationList;
			buildConfigurations = (
				4A4421521A627EF500A8A41F /* Debug */,
				4A4421531A627EF500A8A41F /* Release */,
			);
			defaultConfigurationIsVisible = 0;
			defaultConfigurationName = Release;
		};
		4A4421541A627EF500A8A41F /* Build configuration list for PBXNativeTarget "LayoutKitTests" */ = {
			isa = XCConfigurationList;
			buildConfigurations = (
				4A4421551A627EF500A8A41F /* Debug */,
				4A4421561A627EF500A8A41F /* Release */,
			);
			defaultConfigurationIsVisible = 0;
			defaultConfigurationName = Release;
		};
		4A4421771A627F5700A8A41F /* Build configuration list for PBXNativeTarget "LayoutKitDemo" */ = {
			isa = XCConfigurationList;
			buildConfigurations = (
				4A4421781A627F5700A8A41F /* Debug */,
				4A4421791A627F5700A8A41F /* Release */,
			);
			defaultConfigurationIsVisible = 0;
			defaultConfigurationName = Release;
		};
/* End XCConfigurationList section */
	};
	rootObject = 4A4421321A627EF400A8A41F /* Project object */;
}
